// !$*UTF8*$!
{
	archiveVersion = 1;
	classes = {
	};
	objectVersion = 46;
	objects = {

/* Begin PBXBuildFile section */
		05369D271898683F00272489 /* Foundation.framework in Frameworks */ = {isa = PBXBuildFile; fileRef = 05369D261898683F00272489 /* Foundation.framework */; };
		05369D291898683F00272489 /* CoreGraphics.framework in Frameworks */ = {isa = PBXBuildFile; fileRef = 05369D281898683F00272489 /* CoreGraphics.framework */; };
		05369D2B1898683F00272489 /* UIKit.framework in Frameworks */ = {isa = PBXBuildFile; fileRef = 05369D2A1898683F00272489 /* UIKit.framework */; };
		05369D311898683F00272489 /* InfoPlist.strings in Resources */ = {isa = PBXBuildFile; fileRef = 05369D2F1898683F00272489 /* InfoPlist.strings */; };
		05369D331898683F00272489 /* main.m in Sources */ = {isa = PBXBuildFile; fileRef = 05369D321898683F00272489 /* main.m */; };
		05369D371898683F00272489 /* AppDelegate.m in Sources */ = {isa = PBXBuildFile; fileRef = 05369D361898683F00272489 /* AppDelegate.m */; };
		05369D391898683F00272489 /* Images.xcassets in Resources */ = {isa = PBXBuildFile; fileRef = 05369D381898683F00272489 /* Images.xcassets */; };
		05369D401898683F00272489 /* XCTest.framework in Frameworks */ = {isa = PBXBuildFile; fileRef = 05369D3F1898683F00272489 /* XCTest.framework */; };
		05369D411898683F00272489 /* Foundation.framework in Frameworks */ = {isa = PBXBuildFile; fileRef = 05369D261898683F00272489 /* Foundation.framework */; };
		05369D421898683F00272489 /* UIKit.framework in Frameworks */ = {isa = PBXBuildFile; fileRef = 05369D2A1898683F00272489 /* UIKit.framework */; };
		05369D4A1898683F00272489 /* InfoPlist.strings in Resources */ = {isa = PBXBuildFile; fileRef = 05369D481898683F00272489 /* InfoPlist.strings */; };
		05369D4C1898683F00272489 /* ClassClusterExampleTests.m in Sources */ = {isa = PBXBuildFile; fileRef = 05369D4B1898683F00272489 /* ClassClusterExampleTests.m */; };
		05369D5A189868B700272489 /* ViewController.m in Sources */ = {isa = PBXBuildFile; fileRef = 05369D59189868B700272489 /* ViewController.m */; };
		05369D5D18986B9100272489 /* ClassClusterExampleView.m in Sources */ = {isa = PBXBuildFile; fileRef = 05369D5C18986B9100272489 /* ClassClusterExampleView.m */; };
		05369D681898713A00272489 /* FacebookAccount.m in Sources */ = {isa = PBXBuildFile; fileRef = 05369D671898713A00272489 /* FacebookAccount.m */; };
		05369D6B1898714A00272489 /* TwitterAccount.m in Sources */ = {isa = PBXBuildFile; fileRef = 05369D6A1898714A00272489 /* TwitterAccount.m */; };
		05369D711898736E00272489 /* AccountSession.m in Sources */ = {isa = PBXBuildFile; fileRef = 05369D701898736E00272489 /* AccountSession.m */; };
		05369D751898771C00272489 /* FacebookSession.m in Sources */ = {isa = PBXBuildFile; fileRef = 05369D741898771C00272489 /* FacebookSession.m */; };
		05369D781898772900272489 /* TwitterSession.m in Sources */ = {isa = PBXBuildFile; fileRef = 05369D771898772900272489 /* TwitterSession.m */; };
/* End PBXBuildFile section */

/* Begin PBXContainerItemProxy section */
		05369D431898683F00272489 /* PBXContainerItemProxy */ = {
			isa = PBXContainerItemProxy;
			containerPortal = 05369D1B1898683F00272489 /* Project object */;
			proxyType = 1;
			remoteGlobalIDString = 05369D221898683F00272489;
			remoteInfo = ClassClusterExample;
		};
/* End PBXContainerItemProxy section */

/* Begin PBXFileReference section */
		05369D231898683F00272489 /* ClassClusterExample.app */ = {isa = PBXFileReference; explicitFileType = wrapper.application; includeInIndex = 0; path = ClassClusterExample.app; sourceTree = BUILT_PRODUCTS_DIR; };
		05369D261898683F00272489 /* Foundation.framework */ = {isa = PBXFileReference; lastKnownFileType = wrapper.framework; name = Foundation.framework; path = System/Library/Frameworks/Foundation.framework; sourceTree = SDKROOT; };
		05369D281898683F00272489 /* CoreGraphics.framework */ = {isa = PBXFileReference; lastKnownFileType = wrapper.framework; name = CoreGraphics.framework; path = System/Library/Frameworks/CoreGraphics.framework; sourceTree = SDKROOT; };
		05369D2A1898683F00272489 /* UIKit.framework */ = {isa = PBXFileReference; lastKnownFileType = wrapper.framework; name = UIKit.framework; path = System/Library/Frameworks/UIKit.framework; sourceTree = SDKROOT; };
		05369D2E1898683F00272489 /* ClassClusterExample-Info.plist */ = {isa = PBXFileReference; lastKnownFileType = text.plist.xml; path = "ClassClusterExample-Info.plist"; sourceTree = "<group>"; };
		05369D301898683F00272489 /* en */ = {isa = PBXFileReference; lastKnownFileType = text.plist.strings; name = en; path = en.lproj/InfoPlist.strings; sourceTree = "<group>"; };
		05369D321898683F00272489 /* main.m */ = {isa = PBXFileReference; lastKnownFileType = sourcecode.c.objc; path = main.m; sourceTree = "<group>"; };
		05369D341898683F00272489 /* ClassClusterExample-Prefix.pch */ = {isa = PBXFileReference; lastKnownFileType = sourcecode.c.h; path = "ClassClusterExample-Prefix.pch"; sourceTree = "<group>"; };
		05369D351898683F00272489 /* AppDelegate.h */ = {isa = PBXFileReference; lastKnownFileType = sourcecode.c.h; path = AppDelegate.h; sourceTree = "<group>"; };
		05369D361898683F00272489 /* AppDelegate.m */ = {isa = PBXFileReference; lastKnownFileType = sourcecode.c.objc; path = AppDelegate.m; sourceTree = "<group>"; };
		05369D381898683F00272489 /* Images.xcassets */ = {isa = PBXFileReference; lastKnownFileType = folder.assetcatalog; path = Images.xcassets; sourceTree = "<group>"; };
		05369D3E1898683F00272489 /* ClassClusterExampleTests.xctest */ = {isa = PBXFileReference; explicitFileType = wrapper.cfbundle; includeInIndex = 0; path = ClassClusterExampleTests.xctest; sourceTree = BUILT_PRODUCTS_DIR; };
		05369D3F1898683F00272489 /* XCTest.framework */ = {isa = PBXFileReference; lastKnownFileType = wrapper.framework; name = XCTest.framework; path = Library/Frameworks/XCTest.framework; sourceTree = DEVELOPER_DIR; };
		05369D471898683F00272489 /* ClassClusterExampleTests-Info.plist */ = {isa = PBXFileReference; lastKnownFileType = text.plist.xml; path = "ClassClusterExampleTests-Info.plist"; sourceTree = "<group>"; };
		05369D491898683F00272489 /* en */ = {isa = PBXFileReference; lastKnownFileType = text.plist.strings; name = en; path = en.lproj/InfoPlist.strings; sourceTree = "<group>"; };
		05369D4B1898683F00272489 /* ClassClusterExampleTests.m */ = {isa = PBXFileReference; lastKnownFileType = sourcecode.c.objc; path = ClassClusterExampleTests.m; sourceTree = "<group>"; };
		05369D58189868B700272489 /* ViewController.h */ = {isa = PBXFileReference; fileEncoding = 4; lastKnownFileType = sourcecode.c.h; path = ViewController.h; sourceTree = "<group>"; };
		05369D59189868B700272489 /* ViewController.m */ = {isa = PBXFileReference; fileEncoding = 4; lastKnownFileType = sourcecode.c.objc; path = ViewController.m; sourceTree = "<group>"; };
		05369D5B18986B9100272489 /* ClassClusterExampleView.h */ = {isa = PBXFileReference; fileEncoding = 4; lastKnownFileType = sourcecode.c.h; path = ClassClusterExampleView.h; sourceTree = "<group>"; };
		05369D5C18986B9100272489 /* ClassClusterExampleView.m */ = {isa = PBXFileReference; fileEncoding = 4; lastKnownFileType = sourcecode.c.objc; path = ClassClusterExampleView.m; sourceTree = "<group>"; };
		05369D661898713A00272489 /* FacebookAccount.h */ = {isa = PBXFileReference; fileEncoding = 4; lastKnownFileType = sourcecode.c.h; path = FacebookAccount.h; sourceTree = "<group>"; };
		05369D671898713A00272489 /* FacebookAccount.m */ = {isa = PBXFileReference; fileEncoding = 4; lastKnownFileType = sourcecode.c.objc; path = FacebookAccount.m; sourceTree = "<group>"; };
		05369D691898714A00272489 /* TwitterAccount.h */ = {isa = PBXFileReference; fileEncoding = 4; lastKnownFileType = sourcecode.c.h; path = TwitterAccount.h; sourceTree = "<group>"; };
		05369D6A1898714A00272489 /* TwitterAccount.m */ = {isa = PBXFileReference; fileEncoding = 4; lastKnownFileType = sourcecode.c.objc; path = TwitterAccount.m; sourceTree = "<group>"; };
		05369D6F1898736E00272489 /* AccountSession.h */ = {isa = PBXFileReference; fileEncoding = 4; lastKnownFileType = sourcecode.c.h; path = AccountSession.h; sourceTree = "<group>"; };
		05369D701898736E00272489 /* AccountSession.m */ = {isa = PBXFileReference; fileEncoding = 4; lastKnownFileType = sourcecode.c.objc; path = AccountSession.m; sourceTree = "<group>"; };
		05369D721898758D00272489 /* Account.h */ = {isa = PBXFileReference; fileEncoding = 4; lastKnownFileType = sourcecode.c.h; path = Account.h; sourceTree = "<group>"; };
		05369D731898771C00272489 /* FacebookSession.h */ = {isa = PBXFileReference; fileEncoding = 4; lastKnownFileType = sourcecode.c.h; path = FacebookSession.h; sourceTree = "<group>"; };
		05369D741898771C00272489 /* FacebookSession.m */ = {isa = PBXFileReference; fileEncoding = 4; lastKnownFileType = sourcecode.c.objc; path = FacebookSession.m; sourceTree = "<group>"; };
		05369D761898772900272489 /* TwitterSession.h */ = {isa = PBXFileReference; fileEncoding = 4; lastKnownFileType = sourcecode.c.h; path = TwitterSession.h; sourceTree = "<group>"; };
		05369D771898772900272489 /* TwitterSession.m */ = {isa = PBXFileReference; fileEncoding = 4; lastKnownFileType = sourcecode.c.objc; path = TwitterSession.m; sourceTree = "<group>"; };
/* End PBXFileReference section */

/* Begin PBXFrameworksBuildPhase section */
		05369D201898683F00272489 /* Frameworks */ = {
			isa = PBXFrameworksBuildPhase;
			buildActionMask = 2147483647;
			files = (
				05369D291898683F00272489 /* CoreGraphics.framework in Frameworks */,
				05369D2B1898683F00272489 /* UIKit.framework in Frameworks */,
				05369D271898683F00272489 /* Foundation.framework in Frameworks */,
			);
			runOnlyForDeploymentPostprocessing = 0;
		};
		05369D3B1898683F00272489 /* Frameworks */ = {
			isa = PBXFrameworksBuildPhase;
			buildActionMask = 2147483647;
			files = (
				05369D401898683F00272489 /* XCTest.framework in Frameworks */,
				05369D421898683F00272489 /* UIKit.framework in Frameworks */,
				05369D411898683F00272489 /* Foundation.framework in Frameworks */,
			);
			runOnlyForDeploymentPostprocessing = 0;
		};
/* End PBXFrameworksBuildPhase section */

/* Begin PBXGroup section */
		05369D1A1898683F00272489 = {
			isa = PBXGroup;
			children = (
				05369D2C1898683F00272489 /* ClassClusterExample */,
				05369D451898683F00272489 /* ClassClusterExampleTests */,
				05369D251898683F00272489 /* Frameworks */,
				05369D241898683F00272489 /* Products */,
			);
			sourceTree = "<group>";
		};
		05369D241898683F00272489 /* Products */ = {
			isa = PBXGroup;
			children = (
				05369D231898683F00272489 /* ClassClusterExample.app */,
				05369D3E1898683F00272489 /* ClassClusterExampleTests.xctest */,
			);
			name = Products;
			sourceTree = "<group>";
		};
		05369D251898683F00272489 /* Frameworks */ = {
			isa = PBXGroup;
			children = (
				05369D261898683F00272489 /* Foundation.framework */,
				05369D281898683F00272489 /* CoreGraphics.framework */,
				05369D2A1898683F00272489 /* UIKit.framework */,
				05369D3F1898683F00272489 /* XCTest.framework */,
			);
			name = Frameworks;
			sourceTree = "<group>";
		};
		05369D2C1898683F00272489 /* ClassClusterExample */ = {
			isa = PBXGroup;
			children = (
				05369D571898688400272489 /* Controller */,
				05369D561898688000272489 /* View */,
				05369D551898686D00272489 /* Model */,
				05369D351898683F00272489 /* AppDelegate.h */,
				05369D361898683F00272489 /* AppDelegate.m */,
				05369D381898683F00272489 /* Images.xcassets */,
				05369D2D1898683F00272489 /* Supporting Files */,
			);
			path = ClassClusterExample;
			sourceTree = "<group>";
		};
		05369D2D1898683F00272489 /* Supporting Files */ = {
			isa = PBXGroup;
			children = (
				05369D2E1898683F00272489 /* ClassClusterExample-Info.plist */,
				05369D2F1898683F00272489 /* InfoPlist.strings */,
				05369D321898683F00272489 /* main.m */,
				05369D341898683F00272489 /* ClassClusterExample-Prefix.pch */,
			);
			name = "Supporting Files";
			sourceTree = "<group>";
		};
		05369D451898683F00272489 /* ClassClusterExampleTests */ = {
			isa = PBXGroup;
			children = (
				05369D4B1898683F00272489 /* ClassClusterExampleTests.m */,
				05369D461898683F00272489 /* Supporting Files */,
			);
			path = ClassClusterExampleTests;
			sourceTree = "<group>";
		};
		05369D461898683F00272489 /* Supporting Files */ = {
			isa = PBXGroup;
			children = (
				05369D471898683F00272489 /* ClassClusterExampleTests-Info.plist */,
				05369D481898683F00272489 /* InfoPlist.strings */,
			);
			name = "Supporting Files";
			sourceTree = "<group>";
		};
		05369D551898686D00272489 /* Model */ = {
			isa = PBXGroup;
			children = (
				05369D6D1898733800272489 /* Account Session */,
				05369D6C1898732B00272489 /* Account */,
			);
			name = Model;
			sourceTree = "<group>";
		};
		05369D561898688000272489 /* View */ = {
			isa = PBXGroup;
			children = (
				05369D5B18986B9100272489 /* ClassClusterExampleView.h */,
				05369D5C18986B9100272489 /* ClassClusterExampleView.m */,
			);
			name = View;
			sourceTree = "<group>";
		};
		05369D571898688400272489 /* Controller */ = {
			isa = PBXGroup;
			children = (
				05369D58189868B700272489 /* ViewController.h */,
				05369D59189868B700272489 /* ViewController.m */,
			);
			name = Controller;
			sourceTree = "<group>";
		};
		05369D6C1898732B00272489 /* Account */ = {
			isa = PBXGroup;
			children = (
				05369D661898713A00272489 /* FacebookAccount.h */,
				05369D671898713A00272489 /* FacebookAccount.m */,
				05369D691898714A00272489 /* TwitterAccount.h */,
				05369D6A1898714A00272489 /* TwitterAccount.m */,
				05369D721898758D00272489 /* Account.h */,
			);
			name = Account;
			sourceTree = "<group>";
		};
		05369D6D1898733800272489 /* Account Session */ = {
			isa = PBXGroup;
			children = (
				05369D6F1898736E00272489 /* AccountSession.h */,
				05369D701898736E00272489 /* AccountSession.m */,
				05369D731898771C00272489 /* FacebookSession.h */,
				05369D741898771C00272489 /* FacebookSession.m */,
				05369D761898772900272489 /* TwitterSession.h */,
				05369D771898772900272489 /* TwitterSession.m */,
			);
			name = "Account Session";
			sourceTree = "<group>";
		};
/* End PBXGroup section */

/* Begin PBXNativeTarget section */
		05369D221898683F00272489 /* ClassClusterExample */ = {
			isa = PBXNativeTarget;
			buildConfigurationList = 05369D4F1898683F00272489 /* Build configuration list for PBXNativeTarget "ClassClusterExample" */;
			buildPhases = (
				05369D1F1898683F00272489 /* Sources */,
				05369D201898683F00272489 /* Frameworks */,
				05369D211898683F00272489 /* Resources */,
			);
			buildRules = (
			);
			dependencies = (
			);
			name = ClassClusterExample;
			productName = ClassClusterExample;
			productReference = 05369D231898683F00272489 /* ClassClusterExample.app */;
			productType = "com.apple.product-type.application";
		};
		05369D3D1898683F00272489 /* ClassClusterExampleTests */ = {
			isa = PBXNativeTarget;
			buildConfigurationList = 05369D521898683F00272489 /* Build configuration list for PBXNativeTarget "ClassClusterExampleTests" */;
			buildPhases = (
				05369D3A1898683F00272489 /* Sources */,
				05369D3B1898683F00272489 /* Frameworks */,
				05369D3C1898683F00272489 /* Resources */,
			);
			buildRules = (
			);
			dependencies = (
				05369D441898683F00272489 /* PBXTargetDependency */,
			);
			name = ClassClusterExampleTests;
			productName = ClassClusterExampleTests;
			productReference = 05369D3E1898683F00272489 /* ClassClusterExampleTests.xctest */;
			productType = "com.apple.product-type.bundle.unit-test";
		};
/* End PBXNativeTarget section */

/* Begin PBXProject section */
		05369D1B1898683F00272489 /* Project object */ = {
			isa = PBXProject;
			attributes = {
				LastUpgradeCheck = 0500;
				ORGANIZATIONNAME = "Troy Chmieleski";
				TargetAttributes = {
					05369D3D1898683F00272489 = {
						TestTargetID = 05369D221898683F00272489;
					};
				};
			};
			buildConfigurationList = 05369D1E1898683F00272489 /* Build configuration list for PBXProject "ClassClusterExample" */;
			compatibilityVersion = "Xcode 3.2";
			developmentRegion = English;
			hasScannedForEncodings = 0;
			knownRegions = (
				en,
			);
			mainGroup = 05369D1A1898683F00272489;
			productRefGroup = 05369D241898683F00272489 /* Products */;
			projectDirPath = "";
			projectRoot = "";
			targets = (
				05369D221898683F00272489 /* ClassClusterExample */,
				05369D3D1898683F00272489 /* ClassClusterExampleTests */,
			);
		};
/* End PBXProject section */

/* Begin PBXResourcesBuildPhase section */
		05369D211898683F00272489 /* Resources */ = {
			isa = PBXResourcesBuildPhase;
			buildActionMask = 2147483647;
			files = (
				05369D311898683F00272489 /* InfoPlist.strings in Resources */,
				05369D391898683F00272489 /* Images.xcassets in Resources */,
			);
			runOnlyForDeploymentPostprocessing = 0;
		};
		05369D3C1898683F00272489 /* Resources */ = {
			isa = PBXResourcesBuildPhase;
			buildActionMask = 2147483647;
			files = (
				05369D4A1898683F00272489 /* InfoPlist.strings in Resources */,
			);
			runOnlyForDeploymentPostprocessing = 0;
		};
/* End PBXResourcesBuildPhase section */

/* Begin PBXSourcesBuildPhase section */
		05369D1F1898683F00272489 /* Sources */ = {
			isa = PBXSourcesBuildPhase;
			buildActionMask = 2147483647;
			files = (
				05369D5A189868B700272489 /* ViewController.m in Sources */,
				05369D6B1898714A00272489 /* TwitterAccount.m in Sources */,
				05369D751898771C00272489 /* FacebookSession.m in Sources */,
				05369D371898683F00272489 /* AppDelegate.m in Sources */,
				05369D681898713A00272489 /* FacebookAccount.m in Sources */,
				05369D331898683F00272489 /* main.m in Sources */,
				05369D711898736E00272489 /* AccountSession.m in Sources */,
				05369D5D18986B9100272489 /* ClassClusterExampleView.m in Sources */,
				05369D781898772900272489 /* TwitterSession.m in Sources */,
			);
			runOnlyForDeploymentPostprocessing = 0;
		};
		05369D3A1898683F00272489 /* Sources */ = {
			isa = PBXSourcesBuildPhase;
			buildActionMask = 2147483647;
			files = (
				05369D4C1898683F00272489 /* ClassClusterExampleTests.m in Sources */,
			);
			runOnlyForDeploymentPostprocessing = 0;
		};
/* End PBXSourcesBuildPhase section */

/* Begin PBXTargetDependency section */
		05369D441898683F00272489 /* PBXTargetDependency */ = {
			isa = PBXTargetDependency;
			target = 05369D221898683F00272489 /* ClassClusterExample */;
			targetProxy = 05369D431898683F00272489 /* PBXContainerItemProxy */;
		};
/* End PBXTargetDependency section */

/* Begin PBXVariantGroup section */
		05369D2F1898683F00272489 /* InfoPlist.strings */ = {
			isa = PBXVariantGroup;
			children = (
				05369D301898683F00272489 /* en */,
			);
			name = InfoPlist.strings;
			sourceTree = "<group>";
		};
		05369D481898683F00272489 /* InfoPlist.strings */ = {
			isa = PBXVariantGroup;
			children = (
				05369D491898683F00272489 /* en */,
			);
			name = InfoPlist.strings;
			sourceTree = "<group>";
		};
/* End PBXVariantGroup section */

/* Begin XCBuildConfiguration section */
		05369D4D1898683F00272489 /* Debug */ = {
			isa = XCBuildConfiguration;
			buildSettings = {
				ALWAYS_SEARCH_USER_PATHS = NO;
				ARCHS = "$(ARCHS_STANDARD_INCLUDING_64_BIT)";
				CLANG_CXX_LANGUAGE_STANDARD = "gnu++0x";
				CLANG_CXX_LIBRARY = "libc++";
				CLANG_ENABLE_MODULES = YES;
				CLANG_ENABLE_OBJC_ARC = YES;
				CLANG_WARN_BOOL_CONVERSION = YES;
				CLANG_WARN_CONSTANT_CONVERSION = YES;
				CLANG_WARN_DIRECT_OBJC_ISA_USAGE = YES_ERROR;
				CLANG_WARN_EMPTY_BODY = YES;
				CLANG_WARN_ENUM_CONVERSION = YES;
				CLANG_WARN_INT_CONVERSION = YES;
				CLANG_WARN_OBJC_ROOT_CLASS = YES_ERROR;
				CLANG_WARN__DUPLICATE_METHOD_MATCH = YES;
				"CODE_SIGN_IDENTITY[sdk=iphoneos*]" = "iPhone Developer";
				COPY_PHASE_STRIP = NO;
				GCC_C_LANGUAGE_STANDARD = gnu99;
				GCC_DYNAMIC_NO_PIC = NO;
				GCC_OPTIMIZATION_LEVEL = 0;
				GCC_PREPROCESSOR_DEFINITIONS = (
					"DEBUG=1",
					"$(inherited)",
				);
				GCC_SYMBOLS_PRIVATE_EXTERN = NO;
				GCC_WARN_64_TO_32_BIT_CONVERSION = YES;
				GCC_WARN_ABOUT_RETURN_TYPE = YES_ERROR;
				GCC_WARN_UNDECLARED_SELECTOR = YES;
				GCC_WARN_UNINITIALIZED_AUTOS = YES;
				GCC_WARN_UNUSED_FUNCTION = YES;
				GCC_WARN_UNUSED_VARIABLE = YES;
				IPHONEOS_DEPLOYMENT_TARGET = 7.0;
				ONLY_ACTIVE_ARCH = YES;
				SDKROOT = iphoneos;
			};
			name = Debug;
		};
		05369D4E1898683F00272489 /* Release */ = {
			isa = XCBuildConfiguration;
			buildSettings = {
				ALWAYS_SEARCH_USER_PATHS = NO;
				ARCHS = "$(ARCHS_STANDARD_INCLUDING_64_BIT)";
				CLANG_CXX_LANGUAGE_STANDARD = "gnu++0x";
				CLANG_CXX_LIBRARY = "libc++";
				CLANG_ENABLE_MODULES = YES;
				CLANG_ENABLE_OBJC_ARC = YES;
				CLANG_WARN_BOOL_CONVERSION = YES;
				CLANG_WARN_CONSTANT_CONVERSION = YES;
				CLANG_WARN_DIRECT_OBJC_ISA_USAGE = YES_ERROR;
				CLANG_WARN_EMPTY_BODY = YES;
				CLANG_WARN_ENUM_CONVERSION = YES;
				CLANG_WARN_INT_CONVERSION = YES;
				CLANG_WARN_OBJC_ROOT_CLASS = YES_ERROR;
				CLANG_WARN__DUPLICATE_METHOD_MATCH = YES;
				"CODE_SIGN_IDENTITY[sdk=iphoneos*]" = "iPhone Developer";
				COPY_PHASE_STRIP = YES;
				ENABLE_NS_ASSERTIONS = NO;
				GCC_C_LANGUAGE_STANDARD = gnu99;
				GCC_WARN_64_TO_32_BIT_CONVERSION = YES;
				GCC_WARN_ABOUT_RETURN_TYPE = YES_ERROR;
				GCC_WARN_UNDECLARED_SELECTOR = YES;
				GCC_WARN_UNINITIALIZED_AUTOS = YES;
				GCC_WARN_UNUSED_FUNCTION = YES;
				GCC_WARN_UNUSED_VARIABLE = YES;
				IPHONEOS_DEPLOYMENT_TARGET = 7.0;
				SDKROOT = iphoneos;
				VALIDATE_PRODUCT = YES;
			};
			name = Release;
		};
		05369D501898683F00272489 /* Debug */ = {
			isa = XCBuildConfiguration;
			buildSettings = {
				ASSETCATALOG_COMPILER_APPICON_NAME = AppIcon;
				ASSETCATALOG_COMPILER_LAUNCHIMAGE_NAME = LaunchImage;
				GCC_PRECOMPILE_PREFIX_HEADER = YES;
				GCC_PREFIX_HEADER = "ClassClusterExample/ClassClusterExample-Prefix.pch";
				INFOPLIST_FILE = "ClassClusterExample/ClassClusterExample-Info.plist";
				PRODUCT_NAME = "$(TARGET_NAME)";
				WRAPPER_EXTENSION = app;
			};
			name = Debug;
		};
		05369D511898683F00272489 /* Release */ = {
			isa = XCBuildConfiguration;
			buildSettings = {
				ASSETCATALOG_COMPILER_APPICON_NAME = AppIcon;
				ASSETCATALOG_COMPILER_LAUNCHIMAGE_NAME = LaunchImage;
				GCC_PRECOMPILE_PREFIX_HEADER = YES;
				GCC_PREFIX_HEADER = "ClassClusterExample/ClassClusterExample-Prefix.pch";
				INFOPLIST_FILE = "ClassClusterExample/ClassClusterExample-Info.plist";
				PRODUCT_NAME = "$(TARGET_NAME)";
				WRAPPER_EXTENSION = app;
			};
			name = Release;
		};
		05369D531898683F00272489 /* Debug */ = {
			isa = XCBuildConfiguration;
			buildSettings = {
				ARCHS = "$(ARCHS_STANDARD_INCLUDING_64_BIT)";
				BUNDLE_LOADER = "$(BUILT_PRODUCTS_DIR)/ClassClusterExample.app/ClassClusterExample";
				FRAMEWORK_SEARCH_PATHS = (
					"$(SDKROOT)/Developer/Library/Frameworks",
					"$(inherited)",
					"$(DEVELOPER_FRAMEWORKS_DIR)",
				);
				GCC_PRECOMPILE_PREFIX_HEADER = YES;
				GCC_PREFIX_HEADER = "ClassClusterExample/ClassClusterExample-Prefix.pch";
				GCC_PREPROCESSOR_DEFINITIONS = (
					"DEBUG=1",
					"$(inherited)",
				);
				INFOPLIST_FILE = "ClassClusterExampleTests/ClassClusterExampleTests-Info.plist";
				PRODUCT_NAME = "$(TARGET_NAME)";
				TEST_HOST = "$(BUNDLE_LOADER)";
				WRAPPER_EXTENSION = xctest;
			};
			name = Debug;
		};
		05369D541898683F00272489 /* Release */ = {
			isa = XCBuildConfiguration;
			buildSettings = {
				ARCHS = "$(ARCHS_STANDARD_INCLUDING_64_BIT)";
				BUNDLE_LOADER = "$(BUILT_PRODUCTS_DIR)/ClassClusterExample.app/ClassClusterExample";
				FRAMEWORK_SEARCH_PATHS = (
					"$(SDKROOT)/Developer/Library/Frameworks",
					"$(inherited)",
					"$(DEVELOPER_FRAMEWORKS_DIR)",
				);
				GCC_PRECOMPILE_PREFIX_HEADER = YES;
				GCC_PREFIX_HEADER = "ClassClusterExample/ClassClusterExample-Prefix.pch";
				INFOPLIST_FILE = "ClassClusterExampleTests/ClassClusterExampleTests-Info.plist";
				PRODUCT_NAME = "$(TARGET_NAME)";
				TEST_HOST = "$(BUNDLE_LOADER)";
				WRAPPER_EXTENSION = xctest;
			};
			name = Release;
		};
/* End XCBuildConfiguration section */

/* Begin XCConfigurationList section */
		05369D1E1898683F00272489 /* Build configuration list for PBXProject "ClassClusterExample" */ = {
			isa = XCConfigurationList;
			buildConfigurations = (
				05369D4D1898683F00272489 /* Debug */,
				05369D4E1898683F00272489 /* Release */,
			);
			defaultConfigurationIsVisible = 0;
			defaultConfigurationName = Release;
		};
		05369D4F1898683F00272489 /* Build configuration list for PBXNativeTarget "ClassClusterExample" */ = {
			isa = XCConfigurationList;
			buildConfigurations = (
				05369D501898683F00272489 /* Debug */,
				05369D511898683F00272489 /* Release */,
			);
			defaultConfigurationIsVisible = 0;
			defaultConfigurationName = Release;
		};
		05369D521898683F00272489 /* Build configuration list for PBXNativeTarget "ClassClusterExampleTests" */ = {
			isa = XCConfigurationList;
			buildConfigurations = (
				05369D531898683F00272489 /* Debug */,
				05369D541898683F00272489 /* Release */,
			);
			defaultConfigurationIsVisible = 0;
			defaultConfigurationName = Release;
		};
/* End XCConfigurationList section */
	};
	rootObject = 05369D1B1898683F00272489 /* Project object */;
}
